
Microsoft Visual Studio Solution File, Format Version 12.00
# Visual Studio Version 16
VisualStudioVersion = 16.0.33801.447
MinimumVisualStudioVersion = 10.0.40219.1
Project("{FAE04EC0-301F-11D3-BF4B-00C04F79EFBC}") = "Parameters", "Parameters\Parameters.csproj", "{665CEFD7-FC74-41FD-A84A-526A6B26F2DC}"
EndProject
Global
	GlobalSection(SolutionConfigurationPlatforms) = preSolution
		Debug|Any CPU = Debug|Any CPU
		Release|Any CPU = Release|Any CPU
	EndGlobalSection
	GlobalSection(ProjectConfigurationPlatforms) = postSolution
		{665CEFD7-FC74-41FD-A84A-526A6B26F2DC}.Debug|Any CPU.ActiveCfg = Debug|Any CPU
		{665CEFD7-FC74-41FD-A84A-526A6B26F2DC}.Debug|Any CPU.Build.0 = Debug|Any CPU
		{665CEFD7-FC74-41FD-A84A-526A6B26F2DC}.Release|Any CPU.ActiveCfg = Release|Any CPU
		{665CEFD7-FC74-41FD-A84A-526A6B26F2DC}.Release|Any CPU.Build.0 = Release|Any CPU
	EndGlobalSection
	GlobalSection(SolutionProperties) = preSolution
		HideSolutionNode = FALSE
	EndGlobalSection
	GlobalSection(ExtensibilityGlobals) = postSolution
		SolutionGuid = {DC2CCAD5-4D32-44D2-8882-E7CFBDCD5881}
	EndGlobalSection
EndGlobal
