
Microsoft Visual Studio Solution File, Format Version 12.00
# Visual Studio Version 16
VisualStudioVersion = 16.0.33801.447
MinimumVisualStudioVersion = 10.0.40219.1
Project("{FAE04EC0-301F-11D3-BF4B-00C04F79EFBC}") = "NumberInput", "NumberInput\NumberInput.csproj", "{7F15CF76-E036-4B3A-B5AD-8807D5F8C696}"
EndProject
Global
	GlobalSection(SolutionConfigurationPlatforms) = preSolution
		Debug|Any CPU = Debug|Any CPU
		Release|Any CPU = Release|Any CPU
	EndGlobalSection
	GlobalSection(ProjectConfigurationPlatforms) = postSolution
		{7F15CF76-E036-4B3A-B5AD-8807D5F8C696}.Debug|Any CPU.ActiveCfg = Debug|Any CPU
		{7F15CF76-E036-4B3A-B5AD-8807D5F8C696}.Debug|Any CPU.Build.0 = Debug|Any CPU
		{7F15CF76-E036-4B3A-B5AD-8807D5F8C696}.Release|Any CPU.ActiveCfg = Release|Any CPU
		{7F15CF76-E036-4B3A-B5AD-8807D5F8C696}.Release|Any CPU.Build.0 = Release|Any CPU
	EndGlobalSection
	GlobalSection(SolutionProperties) = preSolution
		HideSolutionNode = FALSE
	EndGlobalSection
	GlobalSection(ExtensibilityGlobals) = postSolution
		SolutionGuid = {A77D070B-43EF-4051-8CC6-29686655888A}
	EndGlobalSection
EndGlobal
