
Microsoft Visual Studio Solution File, Format Version 12.00
# Visual Studio Version 16
VisualStudioVersion = 16.0.33801.447
MinimumVisualStudioVersion = 10.0.40219.1
Project("{FAE04EC0-301F-11D3-BF4B-00C04F79EFBC}") = "FinalChallenge", "FinalChallenge.csproj", "{2BF56748-B3F9-4995-B91B-7B57CDF7439A}"
EndProject
Global
	GlobalSection(SolutionConfigurationPlatforms) = preSolution
		Debug|Any CPU = Debug|Any CPU
		Release|Any CPU = Release|Any CPU
	EndGlobalSection
	GlobalSection(ProjectConfigurationPlatforms) = postSolution
		{2BF56748-B3F9-4995-B91B-7B57CDF7439A}.Debug|Any CPU.ActiveCfg = Debug|Any CPU
		{2BF56748-B3F9-4995-B91B-7B57CDF7439A}.Debug|Any CPU.Build.0 = Debug|Any CPU
		{2BF56748-B3F9-4995-B91B-7B57CDF7439A}.Release|Any CPU.ActiveCfg = Release|Any CPU
		{2BF56748-B3F9-4995-B91B-7B57CDF7439A}.Release|Any CPU.Build.0 = Release|Any CPU
	EndGlobalSection
	GlobalSection(SolutionProperties) = preSolution
		HideSolutionNode = FALSE
	EndGlobalSection
	GlobalSection(ExtensibilityGlobals) = postSolution
		SolutionGuid = {92CCAF5A-45F3-41B8-A261-B6D163936A30}
	EndGlobalSection
EndGlobal
