
Microsoft Visual Studio Solution File, Format Version 12.00
# Visual Studio Version 16
VisualStudioVersion = 16.0.33801.447
MinimumVisualStudioVersion = 10.0.40219.1
Project("{FAE04EC0-301F-11D3-BF4B-00C04F79EFBC}") = "Project7", "Project7\Project7.csproj", "{DC5DEEB7-C21B-4D97-B073-8FCA6D8209A7}"
EndProject
Global
	GlobalSection(SolutionConfigurationPlatforms) = preSolution
		Debug|Any CPU = Debug|Any CPU
		Release|Any CPU = Release|Any CPU
	EndGlobalSection
	GlobalSection(ProjectConfigurationPlatforms) = postSolution
		{DC5DEEB7-C21B-4D97-B073-8FCA6D8209A7}.Debug|Any CPU.ActiveCfg = Debug|Any CPU
		{DC5DEEB7-C21B-4D97-B073-8FCA6D8209A7}.Debug|Any CPU.Build.0 = Debug|Any CPU
		{DC5DEEB7-C21B-4D97-B073-8FCA6D8209A7}.Release|Any CPU.ActiveCfg = Release|Any CPU
		{DC5DEEB7-C21B-4D97-B073-8FCA6D8209A7}.Release|Any CPU.Build.0 = Release|Any CPU
	EndGlobalSection
	GlobalSection(SolutionProperties) = preSolution
		HideSolutionNode = FALSE
	EndGlobalSection
	GlobalSection(ExtensibilityGlobals) = postSolution
		SolutionGuid = {5A48CE7A-ED70-4B7F-A68F-AF4576370092}
	EndGlobalSection
EndGlobal
