
Microsoft Visual Studio Solution File, Format Version 12.00
# Visual Studio Version 16
VisualStudioVersion = 16.0.33801.447
MinimumVisualStudioVersion = 10.0.40219.1
Project("{FAE04EC0-301F-11D3-BF4B-00C04F79EFBC}") = "BooleanComparison", "BooleanComparison\BooleanComparison.csproj", "{DA16FDA6-F5ED-4E3C-9E34-3C76D6D95B6E}"
EndProject
Global
	GlobalSection(SolutionConfigurationPlatforms) = preSolution
		Debug|Any CPU = Debug|Any CPU
		Release|Any CPU = Release|Any CPU
	EndGlobalSection
	GlobalSection(ProjectConfigurationPlatforms) = postSolution
		{DA16FDA6-F5ED-4E3C-9E34-3C76D6D95B6E}.Debug|Any CPU.ActiveCfg = Debug|Any CPU
		{DA16FDA6-F5ED-4E3C-9E34-3C76D6D95B6E}.Debug|Any CPU.Build.0 = Debug|Any CPU
		{DA16FDA6-F5ED-4E3C-9E34-3C76D6D95B6E}.Release|Any CPU.ActiveCfg = Release|Any CPU
		{DA16FDA6-F5ED-4E3C-9E34-3C76D6D95B6E}.Release|Any CPU.Build.0 = Release|Any CPU
	EndGlobalSection
	GlobalSection(SolutionProperties) = preSolution
		HideSolutionNode = FALSE
	EndGlobalSection
	GlobalSection(ExtensibilityGlobals) = postSolution
		SolutionGuid = {DC0CE774-A760-4725-B7EC-161C03A61E45}
	EndGlobalSection
EndGlobal
