
Microsoft Visual Studio Solution File, Format Version 12.00
# Visual Studio Version 16
VisualStudioVersion = 16.0.33801.447
MinimumVisualStudioVersion = 10.0.40219.1
Project("{FAE04EC0-301F-11D3-BF4B-00C04F79EFBC}") = "MethodsAndObjects", "MethodsAndObjects\MethodsAndObjects.csproj", "{FBC53202-06B4-412D-840A-D062C0365EBF}"
EndProject
Global
	GlobalSection(SolutionConfigurationPlatforms) = preSolution
		Debug|Any CPU = Debug|Any CPU
		Release|Any CPU = Release|Any CPU
	EndGlobalSection
	GlobalSection(ProjectConfigurationPlatforms) = postSolution
		{FBC53202-06B4-412D-840A-D062C0365EBF}.Debug|Any CPU.ActiveCfg = Debug|Any CPU
		{FBC53202-06B4-412D-840A-D062C0365EBF}.Debug|Any CPU.Build.0 = Debug|Any CPU
		{FBC53202-06B4-412D-840A-D062C0365EBF}.Release|Any CPU.ActiveCfg = Release|Any CPU
		{FBC53202-06B4-412D-840A-D062C0365EBF}.Release|Any CPU.Build.0 = Release|Any CPU
	EndGlobalSection
	GlobalSection(SolutionProperties) = preSolution
		HideSolutionNode = FALSE
	EndGlobalSection
	GlobalSection(ExtensibilityGlobals) = postSolution
		SolutionGuid = {E6222D63-3C82-4784-B255-E1846E4AE57C}
	EndGlobalSection
EndGlobal
