
Microsoft Visual Studio Solution File, Format Version 12.00
# Visual Studio Version 16
VisualStudioVersion = 16.0.33801.447
MinimumVisualStudioVersion = 10.0.40219.1
Project("{FAE04EC0-301F-11D3-BF4B-00C04F79EFBC}") = "Program2", "Program2\Program2.csproj", "{E0253A85-2594-4338-9042-13F36E45E7D3}"
EndProject
Global
	GlobalSection(SolutionConfigurationPlatforms) = preSolution
		Debug|Any CPU = Debug|Any CPU
		Release|Any CPU = Release|Any CPU
	EndGlobalSection
	GlobalSection(ProjectConfigurationPlatforms) = postSolution
		{E0253A85-2594-4338-9042-13F36E45E7D3}.Debug|Any CPU.ActiveCfg = Debug|Any CPU
		{E0253A85-2594-4338-9042-13F36E45E7D3}.Debug|Any CPU.Build.0 = Debug|Any CPU
		{E0253A85-2594-4338-9042-13F36E45E7D3}.Release|Any CPU.ActiveCfg = Release|Any CPU
		{E0253A85-2594-4338-9042-13F36E45E7D3}.Release|Any CPU.Build.0 = Release|Any CPU
	EndGlobalSection
	GlobalSection(SolutionProperties) = preSolution
		HideSolutionNode = FALSE
	EndGlobalSection
	GlobalSection(ExtensibilityGlobals) = postSolution
		SolutionGuid = {9F329921-D641-4F1E-9BDC-EDE068BABE7B}
	EndGlobalSection
EndGlobal
