
Microsoft Visual Studio Solution File, Format Version 12.00
# Visual Studio Version 16
VisualStudioVersion = 16.0.33801.447
MinimumVisualStudioVersion = 10.0.40219.1
Project("{FAE04EC0-301F-11D3-BF4B-00C04F79EFBC}") = "MethodClass", "MethodClass\MethodClass.csproj", "{3C10EB5F-38C6-4D86-A84F-66256BF31ADE}"
EndProject
Global
	GlobalSection(SolutionConfigurationPlatforms) = preSolution
		Debug|Any CPU = Debug|Any CPU
		Release|Any CPU = Release|Any CPU
	EndGlobalSection
	GlobalSection(ProjectConfigurationPlatforms) = postSolution
		{3C10EB5F-38C6-4D86-A84F-66256BF31ADE}.Debug|Any CPU.ActiveCfg = Debug|Any CPU
		{3C10EB5F-38C6-4D86-A84F-66256BF31ADE}.Debug|Any CPU.Build.0 = Debug|Any CPU
		{3C10EB5F-38C6-4D86-A84F-66256BF31ADE}.Release|Any CPU.ActiveCfg = Release|Any CPU
		{3C10EB5F-38C6-4D86-A84F-66256BF31ADE}.Release|Any CPU.Build.0 = Release|Any CPU
	EndGlobalSection
	GlobalSection(SolutionProperties) = preSolution
		HideSolutionNode = FALSE
	EndGlobalSection
	GlobalSection(ExtensibilityGlobals) = postSolution
		SolutionGuid = {A76045BE-060F-4E4B-BDB3-62B593D18A29}
	EndGlobalSection
EndGlobal
