
Microsoft Visual Studio Solution File, Format Version 12.00
# Visual Studio Version 16
VisualStudioVersion = 16.0.33801.447
MinimumVisualStudioVersion = 10.0.40219.1
Project("{FAE04EC0-301F-11D3-BF4B-00C04F79EFBC}") = "MethodSubmission", "MethodSubmission\MethodSubmission.csproj", "{4DFB454A-08B2-47E1-992A-A7BDA13EB900}"
EndProject
Global
	GlobalSection(SolutionConfigurationPlatforms) = preSolution
		Debug|Any CPU = Debug|Any CPU
		Release|Any CPU = Release|Any CPU
	EndGlobalSection
	GlobalSection(ProjectConfigurationPlatforms) = postSolution
		{4DFB454A-08B2-47E1-992A-A7BDA13EB900}.Debug|Any CPU.ActiveCfg = Debug|Any CPU
		{4DFB454A-08B2-47E1-992A-A7BDA13EB900}.Debug|Any CPU.Build.0 = Debug|Any CPU
		{4DFB454A-08B2-47E1-992A-A7BDA13EB900}.Release|Any CPU.ActiveCfg = Release|Any CPU
		{4DFB454A-08B2-47E1-992A-A7BDA13EB900}.Release|Any CPU.Build.0 = Release|Any CPU
	EndGlobalSection
	GlobalSection(SolutionProperties) = preSolution
		HideSolutionNode = FALSE
	EndGlobalSection
	GlobalSection(ExtensibilityGlobals) = postSolution
		SolutionGuid = {84A2EF80-9A02-42E0-8E5F-F7BF869E88D9}
	EndGlobalSection
EndGlobal
